Microsoft Visual Studio Solution File, Format Version 11.00
# Visual Studio 2008

Project("{02E186C8-4D69-2DD7-A4A6-BAA6BB62D498}") = "BulletDodger", "Assembly-CSharp-firstpass.csproj", "{7D96C021-8787-2815-6D4E-792F1DC572C6}"
EndProject
Project("{02E186C8-4D69-2DD7-A4A6-BAA6BB62D498}") = "BulletDodger", "Assembly-CSharp.csproj", "{31C2F412-4ADD-C46D-D18B-ED335073BF5E}"
EndProject
Project("{02E186C8-4D69-2DD7-A4A6-BAA6BB62D498}") = "BulletDodger", "Assembly-CSharp-Editor.csproj", "{61808E28-EB7F-D613-CD71-4F7070FA8333}"
EndProject
Global
	GlobalSection(SolutionConfigurationPlatforms) = preSolution
		Debug|Any CPU = Debug|Any CPU
		Release|Any CPU = Release|Any CPU
	EndGlobalSection
	GlobalSection(ProjectConfigurationPlatforms) = postSolution
		{7D96C021-8787-2815-6D4E-792F1DC572C6}.Debug|Any CPU.ActiveCfg = Debug|Any CPU
		{7D96C021-8787-2815-6D4E-792F1DC572C6}.Debug|Any CPU.Build.0 = Debug|Any CPU
		{7D96C021-8787-2815-6D4E-792F1DC572C6}.Release|Any CPU.ActiveCfg = Release|Any CPU
		{7D96C021-8787-2815-6D4E-792F1DC572C6}.Release|Any CPU.Build.0 = Release|Any CPU
		{31C2F412-4ADD-C46D-D18B-ED335073BF5E}.Debug|Any CPU.ActiveCfg = Debug|Any CPU
		{31C2F412-4ADD-C46D-D18B-ED335073BF5E}.Debug|Any CPU.Build.0 = Debug|Any CPU
		{31C2F412-4ADD-C46D-D18B-ED335073BF5E}.Release|Any CPU.ActiveCfg = Release|Any CPU
		{31C2F412-4ADD-C46D-D18B-ED335073BF5E}.Release|Any CPU.Build.0 = Release|Any CPU
		{61808E28-EB7F-D613-CD71-4F7070FA8333}.Debug|Any CPU.ActiveCfg = Debug|Any CPU
		{61808E28-EB7F-D613-CD71-4F7070FA8333}.Debug|Any CPU.Build.0 = Debug|Any CPU
		{61808E28-EB7F-D613-CD71-4F7070FA8333}.Release|Any CPU.ActiveCfg = Release|Any CPU
		{61808E28-EB7F-D613-CD71-4F7070FA8333}.Release|Any CPU.Build.0 = Release|Any CPU
	EndGlobalSection
	GlobalSection(SolutionProperties) = preSolution
		HideSolutionNode = FALSE
	EndGlobalSection
																																																																				GlobalSection(MonoDevelopProperties) = preSolution
		StartupItem = Assembly-CSharp.csproj
		Policies = $0
		$0.TextStylePolicy = $1
		$1.inheritsSet = null
		$1.scope = text/x-csharp
		$0.CSharpFormattingPolicy = $2
		$2.inheritsSet = Mono
		$2.inheritsScope = text/x-csharp
		$2.scope = text/x-csharp
		$0.TextStylePolicy = $3
		$3.FileWidth = 120
		$3.TabWidth = 4
		$3.IndentWidth = 4
		$3.EolMarker = Unix
		$3.inheritsSet = Mono
		$3.inheritsScope = text/plain
		$3.scope = text/plain
	EndGlobalSection

EndGlobal
